// !$*UTF8*$!
{
	archiveVersion = 1;
	classes = {
	};
	objectVersion = 46;
	objects = {

/* Begin PBXBuildFile section */
		7913B1FA1E67F5860031123B /* c_global_Var_lua.c in Sources */ = {isa = PBXBuildFile; fileRef = 7913B1F91E67F5860031123B /* c_global_Var_lua.c */; };
		7928C0E21E6904350058F1DE /* c_Call_lua.c in Sources */ = {isa = PBXBuildFile; fileRef = 7928C0E11E6904350058F1DE /* c_Call_lua.c */; };
		7928C0E51E6905FE0058F1DE /* lua_Call_c.c in Sources */ = {isa = PBXBuildFile; fileRef = 7928C0E41E6905FE0058F1DE /* lua_Call_c.c */; };
		7928C0EB1E69090F0058F1DE /* hello.c in Sources */ = {isa = PBXBuildFile; fileRef = 7928C0E91E69090F0058F1DE /* hello.c */; };
		7928C0EE1E690EBC0058F1DE /* c_read_table_lua.c in Sources */ = {isa = PBXBuildFile; fileRef = 7928C0ED1E690EBC0058F1DE /* c_read_table_lua.c */; };
		7928C0F11E690F540058F1DE /* c_write_table_lua.c in Sources */ = {isa = PBXBuildFile; fileRef = 7928C0F01E690F540058F1DE /* c_write_table_lua.c */; };
		7928C0F41E690FE60058F1DE /* c_userdate_lua.c in Sources */ = {isa = PBXBuildFile; fileRef = 7928C0F31E690FE60058F1DE /* c_userdate_lua.c */; };
		793A70F01E0A1A2500AF6CF2 /* main.c in Sources */ = {isa = PBXBuildFile; fileRef = 793A70EC1E0A1A2500AF6CF2 /* main.c */; };
		799C55861E8963D000E9D08E /* lapi.c in Sources */ = {isa = PBXBuildFile; fileRef = 799C55161E8963D000E9D08E /* lapi.c */; };
		799C55871E8963D000E9D08E /* lauxlib.c in Sources */ = {isa = PBXBuildFile; fileRef = 799C55181E8963D000E9D08E /* lauxlib.c */; };
		799C55881E8963D000E9D08E /* lbaselib.c in Sources */ = {isa = PBXBuildFile; fileRef = 799C551A1E8963D000E9D08E /* lbaselib.c */; };
		799C55891E8963D000E9D08E /* lbitlib.c in Sources */ = {isa = PBXBuildFile; fileRef = 799C551B1E8963D000E9D08E /* lbitlib.c */; };
		799C558A1E8963D000E9D08E /* lcode.c in Sources */ = {isa = PBXBuildFile; fileRef = 799C551C1E8963D000E9D08E /* lcode.c */; };
		799C558B1E8963D000E9D08E /* lcorolib.c in Sources */ = {isa = PBXBuildFile; fileRef = 799C551E1E8963D000E9D08E /* lcorolib.c */; };
		799C558C1E8963D000E9D08E /* lctype.c in Sources */ = {isa = PBXBuildFile; fileRef = 799C551F1E8963D000E9D08E /* lctype.c */; };
		799C558D1E8963D000E9D08E /* ldblib.c in Sources */ = {isa = PBXBuildFile; fileRef = 799C55211E8963D000E9D08E /* ldblib.c */; };
		799C558E1E8963D000E9D08E /* ldebug.c in Sources */ = {isa = PBXBuildFile; fileRef = 799C55221E8963D000E9D08E /* ldebug.c */; };
		799C558F1E8963D000E9D08E /* ldo.c in Sources */ = {isa = PBXBuildFile; fileRef = 799C55241E8963D000E9D08E /* ldo.c */; };
		799C55901E8963D000E9D08E /* ldump.c in Sources */ = {isa = PBXBuildFile; fileRef = 799C55261E8963D000E9D08E /* ldump.c */; };
		799C55911E8963D000E9D08E /* lfunc.c in Sources */ = {isa = PBXBuildFile; fileRef = 799C55271E8963D000E9D08E /* lfunc.c */; };
		799C55921E8963D000E9D08E /* lgc.c in Sources */ = {isa = PBXBuildFile; fileRef = 799C55291E8963D000E9D08E /* lgc.c */; };
		799C55931E8963D000E9D08E /* linit.c in Sources */ = {isa = PBXBuildFile; fileRef = 799C552B1E8963D000E9D08E /* linit.c */; };
		799C55941E8963D000E9D08E /* liolib.c in Sources */ = {isa = PBXBuildFile; fileRef = 799C552C1E8963D000E9D08E /* liolib.c */; };
		799C55951E8963D000E9D08E /* llex.c in Sources */ = {isa = PBXBuildFile; fileRef = 799C552D1E8963D000E9D08E /* llex.c */; };
		799C55961E8963D000E9D08E /* lmathlib.c in Sources */ = {isa = PBXBuildFile; fileRef = 799C55301E8963D000E9D08E /* lmathlib.c */; };
		799C55971E8963D000E9D08E /* lmem.c in Sources */ = {isa = PBXBuildFile; fileRef = 799C55311E8963D000E9D08E /* lmem.c */; };
		799C55981E8963D000E9D08E /* loadlib.c in Sources */ = {isa = PBXBuildFile; fileRef = 799C55331E8963D000E9D08E /* loadlib.c */; };
		799C55991E8963D000E9D08E /* lobject.c in Sources */ = {isa = PBXBuildFile; fileRef = 799C55341E8963D000E9D08E /* lobject.c */; };
		799C559A1E8963D000E9D08E /* lopcodes.c in Sources */ = {isa = PBXBuildFile; fileRef = 799C55361E8963D000E9D08E /* lopcodes.c */; };
		799C559B1E8963D000E9D08E /* loslib.c in Sources */ = {isa = PBXBuildFile; fileRef = 799C55381E8963D000E9D08E /* loslib.c */; };
		799C559C1E8963D000E9D08E /* lparser.c in Sources */ = {isa = PBXBuildFile; fileRef = 799C55391E8963D000E9D08E /* lparser.c */; };
		799C559D1E8963D000E9D08E /* lstate.c in Sources */ = {isa = PBXBuildFile; fileRef = 799C553C1E8963D000E9D08E /* lstate.c */; };
		799C559E1E8963D000E9D08E /* lstring.c in Sources */ = {isa = PBXBuildFile; fileRef = 799C553E1E8963D000E9D08E /* lstring.c */; };
		799C559F1E8963D000E9D08E /* lstrlib.c in Sources */ = {isa = PBXBuildFile; fileRef = 799C55401E8963D000E9D08E /* lstrlib.c */; };
		799C55A01E8963D000E9D08E /* ltable.c in Sources */ = {isa = PBXBuildFile; fileRef = 799C55411E8963D000E9D08E /* ltable.c */; };
		799C55A11E8963D000E9D08E /* ltablib.c in Sources */ = {isa = PBXBuildFile; fileRef = 799C55431E8963D000E9D08E /* ltablib.c */; };
		799C55A21E8963D000E9D08E /* ltm.c in Sources */ = {isa = PBXBuildFile; fileRef = 799C55441E8963D000E9D08E /* ltm.c */; };
		799C55A31E8963D000E9D08E /* lua.c in Sources */ = {isa = PBXBuildFile; fileRef = 799C55461E8963D000E9D08E /* lua.c */; };
		799C55A41E8963D000E9D08E /* luac.c in Sources */ = {isa = PBXBuildFile; fileRef = 799C55491E8963D000E9D08E /* luac.c */; };
		799C55A51E8963D000E9D08E /* lundump.c in Sources */ = {isa = PBXBuildFile; fileRef = 799C554C1E8963D000E9D08E /* lundump.c */; };
		799C55A61E8963D000E9D08E /* lutf8lib.c in Sources */ = {isa = PBXBuildFile; fileRef = 799C554E1E8963D000E9D08E /* lutf8lib.c */; };
		799C55A71E8963D000E9D08E /* lvm.c in Sources */ = {isa = PBXBuildFile; fileRef = 799C554F1E8963D000E9D08E /* lvm.c */; };
		799C55A81E8963D000E9D08E /* lzio.c in Sources */ = {isa = PBXBuildFile; fileRef = 799C55511E8963D000E9D08E /* lzio.c */; };
		799C55A91E8963D000E9D08E /* Makefile in Sources */ = {isa = PBXBuildFile; fileRef = 799C55531E8963D000E9D08E /* Makefile */; };
		79C19F161EC174FE00250255 /* l_socket.c in Sources */ = {isa = PBXBuildFile; fileRef = 79C19F151EC174FE00250255 /* l_socket.c */; };
		79C89D4E1E5C00A900C98513 /* l_util.c in Sources */ = {isa = PBXBuildFile; fileRef = 79C89D3E1E5C00A900C98513 /* l_util.c */; };
/* End PBXBuildFile section */

/* Begin PBXCopyFilesBuildPhase section */
		798046911A4C075D007DD361 /* CopyFiles */ = {
			isa = PBXCopyFilesBuildPhase;
			buildActionMask = 2147483647;
			dstPath = /usr/share/man/man1/;
			dstSubfolderSpec = 0;
			files = (
			);
			runOnlyForDeploymentPostprocessing = 1;
		};
/* End PBXCopyFilesBuildPhase section */

/* Begin PBXFileReference section */
		7913B1F81E67F5860031123B /* c_global_Var_lua.h */ = {isa = PBXFileReference; fileEncoding = 4; lastKnownFileType = sourcecode.c.h; path = c_global_Var_lua.h; sourceTree = "<group>"; };
		7913B1F91E67F5860031123B /* c_global_Var_lua.c */ = {isa = PBXFileReference; fileEncoding = 4; lastKnownFileType = sourcecode.c.c; path = c_global_Var_lua.c; sourceTree = "<group>"; };
		7928C0E01E6904350058F1DE /* c_Call_lua.h */ = {isa = PBXFileReference; fileEncoding = 4; lastKnownFileType = sourcecode.c.h; path = c_Call_lua.h; sourceTree = "<group>"; };
		7928C0E11E6904350058F1DE /* c_Call_lua.c */ = {isa = PBXFileReference; fileEncoding = 4; lastKnownFileType = sourcecode.c.c; path = c_Call_lua.c; sourceTree = "<group>"; };
		7928C0E31E6905FE0058F1DE /* lua_Call_c.h */ = {isa = PBXFileReference; fileEncoding = 4; lastKnownFileType = sourcecode.c.h; path = lua_Call_c.h; sourceTree = "<group>"; };
		7928C0E41E6905FE0058F1DE /* lua_Call_c.c */ = {isa = PBXFileReference; fileEncoding = 4; lastKnownFileType = sourcecode.c.c; path = lua_Call_c.c; sourceTree = "<group>"; };
		7928C0E91E69090F0058F1DE /* hello.c */ = {isa = PBXFileReference; fileEncoding = 4; lastKnownFileType = sourcecode.c.c; path = hello.c; sourceTree = "<group>"; };
		7928C0EA1E69090F0058F1DE /* hello.h */ = {isa = PBXFileReference; fileEncoding = 4; lastKnownFileType = sourcecode.c.h; path = hello.h; sourceTree = "<group>"; };
		7928C0EC1E690EBC0058F1DE /* c_read_table_lua.h */ = {isa = PBXFileReference; fileEncoding = 4; lastKnownFileType = sourcecode.c.h; path = c_read_table_lua.h; sourceTree = "<group>"; };
		7928C0ED1E690EBC0058F1DE /* c_read_table_lua.c */ = {isa = PBXFileReference; fileEncoding = 4; lastKnownFileType = sourcecode.c.c; path = c_read_table_lua.c; sourceTree = "<group>"; };
		7928C0EF1E690F540058F1DE /* c_write_table_lua.h */ = {isa = PBXFileReference; fileEncoding = 4; lastKnownFileType = sourcecode.c.h; path = c_write_table_lua.h; sourceTree = "<group>"; };
		7928C0F01E690F540058F1DE /* c_write_table_lua.c */ = {isa = PBXFileReference; fileEncoding = 4; lastKnownFileType = sourcecode.c.c; path = c_write_table_lua.c; sourceTree = "<group>"; };
		7928C0F21E690FE60058F1DE /* c_userdate_lua.h */ = {isa = PBXFileReference; fileEncoding = 4; lastKnownFileType = sourcecode.c.h; path = c_userdate_lua.h; sourceTree = "<group>"; };
		7928C0F31E690FE60058F1DE /* c_userdate_lua.c */ = {isa = PBXFileReference; fileEncoding = 4; lastKnownFileType = sourcecode.c.c; path = c_userdate_lua.c; sourceTree = "<group>"; };
		793A70EC1E0A1A2500AF6CF2 /* main.c */ = {isa = PBXFileReference; fileEncoding = 4; lastKnownFileType = sourcecode.c.c; path = main.c; sourceTree = "<group>"; };
		79610C8E1EA5B6610031857C /* script */ = {isa = PBXFileReference; lastKnownFileType = folder; path = script; sourceTree = "<group>"; };
		798046931A4C075D007DD361 /* LuaSrc */ = {isa = PBXFileReference; explicitFileType = "compiled.mach-o.executable"; includeInIndex = 0; path = LuaSrc; sourceTree = BUILT_PRODUCTS_DIR; };
		799834001E9CB01400BAE271 /* dec.lua */ = {isa = PBXFileReference; fileEncoding = 4; lastKnownFileType = text; path = dec.lua; sourceTree = "<group>"; };
		799834011E9CB01400BAE271 /* helloworld.lua */ = {isa = PBXFileReference; fileEncoding = 4; lastKnownFileType = text; path = helloworld.lua; sourceTree = "<group>"; };
		799834021E9CB01400BAE271 /* lua */ = {isa = PBXFileReference; lastKnownFileType = "compiled.mach-o.executable"; path = lua; sourceTree = "<group>"; };
		799834031E9CB01400BAE271 /* luac */ = {isa = PBXFileReference; lastKnownFileType = "compiled.mach-o.executable"; path = luac; sourceTree = "<group>"; };
		799834041E9CB01400BAE271 /* luac.out */ = {isa = PBXFileReference; lastKnownFileType = file; path = luac.out; sourceTree = "<group>"; };
		799834051E9CB01400BAE271 /* npm-debug.log */ = {isa = PBXFileReference; fileEncoding = 4; lastKnownFileType = text; path = "npm-debug.log"; sourceTree = "<group>"; };
		799834061E9CB01400BAE271 /* t_codek.lua */ = {isa = PBXFileReference; fileEncoding = 4; lastKnownFileType = text; path = t_codek.lua; sourceTree = "<group>"; };
		799834071E9CB01400BAE271 /* test_coroutine.lua */ = {isa = PBXFileReference; fileEncoding = 4; lastKnownFileType = text; path = test_coroutine.lua; sourceTree = "<group>"; };
		799834081E9CB01400BAE271 /* tOP_ADD.lua */ = {isa = PBXFileReference; fileEncoding = 4; lastKnownFileType = text; path = tOP_ADD.lua; sourceTree = "<group>"; };
		799834091E9CB01400BAE271 /* tOP_Arith.lua */ = {isa = PBXFileReference; fileEncoding = 4; lastKnownFileType = text; path = tOP_Arith.lua; sourceTree = "<group>"; };
		7998340A1E9CB01400BAE271 /* tOP_Arith_2.lua */ = {isa = PBXFileReference; fileEncoding = 4; lastKnownFileType = text; path = tOP_Arith_2.lua; sourceTree = "<group>"; };
		7998340B1E9CB01400BAE271 /* tOP_BAND.lua */ = {isa = PBXFileReference; fileEncoding = 4; lastKnownFileType = text; path = tOP_BAND.lua; sourceTree = "<group>"; };
		7998340C1E9CB01400BAE271 /* tOP_BNOT.lua */ = {isa = PBXFileReference; fileEncoding = 4; lastKnownFileType = text; path = tOP_BNOT.lua; sourceTree = "<group>"; };
		7998340D1E9CB01400BAE271 /* tOP_BOR.lua */ = {isa = PBXFileReference; fileEncoding = 4; lastKnownFileType = text; path = tOP_BOR.lua; sourceTree = "<group>"; };
		7998340E1E9CB01400BAE271 /* tOP_BXOR.lua */ = {isa = PBXFileReference; fileEncoding = 4; lastKnownFileType = text; path = tOP_BXOR.lua; sourceTree = "<group>"; };
		7998340F1E9CB01400BAE271 /* tOP_CLOSURE.lua */ = {isa = PBXFileReference; fileEncoding = 4; lastKnownFileType = text; path = tOP_CLOSURE.lua; sourceTree = "<group>"; };
		799834101E9CB01400BAE271 /* tOP_CONCAT.lua */ = {isa = PBXFileReference; fileEncoding = 4; lastKnownFileType = text; path = tOP_CONCAT.lua; sourceTree = "<group>"; };
		799834111E9CB01400BAE271 /* tOP_DIV.lua */ = {isa = PBXFileReference; fileEncoding = 4; lastKnownFileType = text; path = tOP_DIV.lua; sourceTree = "<group>"; };
		799834121E9CB01400BAE271 /* tOP_G-SETTABUP.lua */ = {isa = PBXFileReference; fileEncoding = 4; lastKnownFileType = text; path = "tOP_G-SETTABUP.lua"; sourceTree = "<group>"; };
		799834131E9CB01400BAE271 /* tOP_GETTABLE.lua */ = {isa = PBXFileReference; fileEncoding = 4; lastKnownFileType = text; path = tOP_GETTABLE.lua; sourceTree = "<group>"; };
		799834141E9CB01400BAE271 /* tOP_GETTABUP.lua */ = {isa = PBXFileReference; fileEncoding = 4; lastKnownFileType = text; path = tOP_GETTABUP.lua; sourceTree = "<group>"; };
		799834151E9CB01400BAE271 /* tOP_GETUPVAL.lua */ = {isa = PBXFileReference; fileEncoding = 4; lastKnownFileType = text; path = tOP_GETUPVAL.lua; sourceTree = "<group>"; };
		799834161E9CB01400BAE271 /* tOP_IDIV.lua */ = {isa = PBXFileReference; fileEncoding = 4; lastKnownFileType = text; path = tOP_IDIV.lua; sourceTree = "<group>"; };
		799834171E9CB01400BAE271 /* tOP_LEN.lua */ = {isa = PBXFileReference; fileEncoding = 4; lastKnownFileType = text; path = tOP_LEN.lua; sourceTree = "<group>"; };
		799834181E9CB01400BAE271 /* tOP_LOADBOOL.lua */ = {isa = PBXFileReference; fileEncoding = 4; lastKnownFileType = text; path = tOP_LOADBOOL.lua; sourceTree = "<group>"; };
		799834191E9CB01400BAE271 /* tOP_LOADBOOL_2.lua */ = {isa = PBXFileReference; fileEncoding = 4; lastKnownFileType = text; path = tOP_LOADBOOL_2.lua; sourceTree = "<group>"; };
		7998341A1E9CB01400BAE271 /* tOP_LOADBOOL_3.lua */ = {isa = PBXFileReference; fileEncoding = 4; lastKnownFileType = text; path = tOP_LOADBOOL_3.lua; sourceTree = "<group>"; };
		7998341B1E9CB01400BAE271 /* tOP_LOADGETTABLE.lua */ = {isa = PBXFileReference; fileEncoding = 4; lastKnownFileType = text; path = tOP_LOADGETTABLE.lua; sourceTree = "<group>"; };
		7998341C1E9CB01400BAE271 /* tOP_LOADK.lua */ = {isa = PBXFileReference; fileEncoding = 4; lastKnownFileType = text; path = tOP_LOADK.lua; sourceTree = "<group>"; };
		7998341D1E9CB01400BAE271 /* tOP_LOADNIL.lua */ = {isa = PBXFileReference; fileEncoding = 4; lastKnownFileType = text; path = tOP_LOADNIL.lua; sourceTree = "<group>"; };
		7998341E1E9CB01400BAE271 /* tOP_LOADNIL_2.lua */ = {isa = PBXFileReference; fileEncoding = 4; lastKnownFileType = text; path = tOP_LOADNIL_2.lua; sourceTree = "<group>"; };
		7998341F1E9CB01400BAE271 /* tOP_LOADNIL_3.lua */ = {isa = PBXFileReference; fileEncoding = 4; lastKnownFileType = text; path = tOP_LOADNIL_3.lua; sourceTree = "<group>"; };
		799834201E9CB01400BAE271 /* tOP_LOADNIL_4.lua */ = {isa = PBXFileReference; fileEncoding = 4; lastKnownFileType = text; path = tOP_LOADNIL_4.lua; sourceTree = "<group>"; };
		799834211E9CB01400BAE271 /* tOP_MOD.lua */ = {isa = PBXFileReference; fileEncoding = 4; lastKnownFileType = text; path = tOP_MOD.lua; sourceTree = "<group>"; };
		799834221E9CB01400BAE271 /* tOP_MOVE.lua */ = {isa = PBXFileReference; fileEncoding = 4; lastKnownFileType = text; path = tOP_MOVE.lua; sourceTree = "<group>"; };
		799834231E9CB01400BAE271 /* tOP_MUL.lua */ = {isa = PBXFileReference; fileEncoding = 4; lastKnownFileType = text; path = tOP_MUL.lua; sourceTree = "<group>"; };
		799834241E9CB01400BAE271 /* tOP_NEWTABLE.lua */ = {isa = PBXFileReference; fileEncoding = 4; lastKnownFileType = text; path = tOP_NEWTABLE.lua; sourceTree = "<group>"; };
		799834251E9CB01400BAE271 /* tOP_NEWTABLE_2.lua */ = {isa = PBXFileReference; fileEncoding = 4; lastKnownFileType = text; path = tOP_NEWTABLE_2.lua; sourceTree = "<group>"; };
		799834261E9CB01400BAE271 /* tOP_NEWTABLE_3.lua */ = {isa = PBXFileReference; fileEncoding = 4; lastKnownFileType = text; path = tOP_NEWTABLE_3.lua; sourceTree = "<group>"; };
		799834271E9CB01400BAE271 /* tOP_NOT.lua */ = {isa = PBXFileReference; fileEncoding = 4; lastKnownFileType = text; path = tOP_NOT.lua; sourceTree = "<group>"; };
		799834281E9CB01400BAE271 /* tOP_POW.lua */ = {isa = PBXFileReference; fileEncoding = 4; lastKnownFileType = text; path = tOP_POW.lua; sourceTree = "<group>"; };
		799834291E9CB01400BAE271 /* tOP_SELF.lua */ = {isa = PBXFileReference; fileEncoding = 4; lastKnownFileType = text; path = tOP_SELF.lua; sourceTree = "<group>"; };
		7998342A1E9CB01400BAE271 /* tOP_SELF_2.lua */ = {isa = PBXFileReference; fileEncoding = 4; lastKnownFileType = text; path = tOP_SELF_2.lua; sourceTree = "<group>"; };
		7998342B1E9CB01400BAE271 /* tOP_SETLIST.lua */ = {isa = PBXFileReference; fileEncoding = 4; lastKnownFileType = text; path = tOP_SETLIST.lua; sourceTree = "<group>"; };
		7998342C1E9CB01400BAE271 /* tOP_SETTABUP.lua */ = {isa = PBXFileReference; fileEncoding = 4; lastKnownFileType = text; path = tOP_SETTABUP.lua; sourceTree = "<group>"; };
		7998342D1E9CB01400BAE271 /* tOP_SETUPVal.lua */ = {isa = PBXFileReference; fileEncoding = 4; lastKnownFileType = text; path = tOP_SETUPVal.lua; sourceTree = "<group>"; };
		7998342E1E9CB01400BAE271 /* tOP_SHL.lua */ = {isa = PBXFileReference; fileEncoding = 4; lastKnownFileType = text; path = tOP_SHL.lua; sourceTree = "<group>"; };
		7998342F1E9CB01400BAE271 /* tOP_SHR.lua */ = {isa = PBXFileReference; fileEncoding = 4; lastKnownFileType = text; path = tOP_SHR.lua; sourceTree = "<group>"; };
		799834301E9CB01400BAE271 /* tOP_SUB.lua */ = {isa = PBXFileReference; fileEncoding = 4; lastKnownFileType = text; path = tOP_SUB.lua; sourceTree = "<group>"; };
		799834311E9CB01400BAE271 /* tOP_UNM.lua */ = {isa = PBXFileReference; fileEncoding = 4; lastKnownFileType = text; path = tOP_UNM.lua; sourceTree = "<group>"; };
		799834321E9CB01400BAE271 /* tOP_VALUE.lua */ = {isa = PBXFileReference; fileEncoding = 4; lastKnownFileType = text; path = tOP_VALUE.lua; sourceTree = "<group>"; };
		799C55161E8963D000E9D08E /* lapi.c */ = {isa = PBXFileReference; fileEncoding = 4; lastKnownFileType = sourcecode.c.c; path = lapi.c; sourceTree = "<group>"; };
		799C55171E8963D000E9D08E /* lapi.h */ = {isa = PBXFileReference; fileEncoding = 4; lastKnownFileType = sourcecode.c.h; path = lapi.h; sourceTree = "<group>"; };
		799C55181E8963D000E9D08E /* lauxlib.c */ = {isa = PBXFileReference; fileEncoding = 4; lastKnownFileType = sourcecode.c.c; path = lauxlib.c; sourceTree = "<group>"; };
		799C55191E8963D000E9D08E /* lauxlib.h */ = {isa = PBXFileReference; fileEncoding = 4; lastKnownFileType = sourcecode.c.h; path = lauxlib.h; sourceTree = "<group>"; };
		799C551A1E8963D000E9D08E /* lbaselib.c */ = {isa = PBXFileReference; fileEncoding = 4; lastKnownFileType = sourcecode.c.c; path = lbaselib.c; sourceTree = "<group>"; };
		799C551B1E8963D000E9D08E /* lbitlib.c */ = {isa = PBXFileReference; fileEncoding = 4; lastKnownFileType = sourcecode.c.c; path = lbitlib.c; sourceTree = "<group>"; };
		799C551C1E8963D000E9D08E /* lcode.c */ = {isa = PBXFileReference; fileEncoding = 4; lastKnownFileType = sourcecode.c.c; path = lcode.c; sourceTree = "<group>"; };
		799C551D1E8963D000E9D08E /* lcode.h */ = {isa = PBXFileReference; fileEncoding = 4; lastKnownFileType = sourcecode.c.h; path = lcode.h; sourceTree = "<group>"; };
		799C551E1E8963D000E9D08E /* lcorolib.c */ = {isa = PBXFileReference; fileEncoding = 4; lastKnownFileType = sourcecode.c.c; path = lcorolib.c; sourceTree = "<group>"; };
		799C551F1E8963D000E9D08E /* lctype.c */ = {isa = PBXFileReference; fileEncoding = 4; lastKnownFileType = sourcecode.c.c; path = lctype.c; sourceTree = "<group>"; };
		799C55201E8963D000E9D08E /* lctype.h */ = {isa = PBXFileReference; fileEncoding = 4; lastKnownFileType = sourcecode.c.h; path = lctype.h; sourceTree = "<group>"; };
		799C55211E8963D000E9D08E /* ldblib.c */ = {isa = PBXFileReference; fileEncoding = 4; lastKnownFileType = sourcecode.c.c; path = ldblib.c; sourceTree = "<group>"; };
		799C55221E8963D000E9D08E /* ldebug.c */ = {isa = PBXFileReference; fileEncoding = 4; lastKnownFileType = sourcecode.c.c; path = ldebug.c; sourceTree = "<group>"; };
		799C55231E8963D000E9D08E /* ldebug.h */ = {isa = PBXFileReference; fileEncoding = 4; lastKnownFileType = sourcecode.c.h; path = ldebug.h; sourceTree = "<group>"; };
		799C55241E8963D000E9D08E /* ldo.c */ = {isa = PBXFileReference; fileEncoding = 4; lastKnownFileType = sourcecode.c.c; path = ldo.c; sourceTree = "<group>"; };
		799C55251E8963D000E9D08E /* ldo.h */ = {isa = PBXFileReference; fileEncoding = 4; lastKnownFileType = sourcecode.c.h; path = ldo.h; sourceTree = "<group>"; };
		799C55261E8963D000E9D08E /* ldump.c */ = {isa = PBXFileReference; fileEncoding = 4; lastKnownFileType = sourcecode.c.c; path = ldump.c; sourceTree = "<group>"; };
		799C55271E8963D000E9D08E /* lfunc.c */ = {isa = PBXFileReference; fileEncoding = 4; lastKnownFileType = sourcecode.c.c; path = lfunc.c; sourceTree = "<group>"; };
		799C55281E8963D000E9D08E /* lfunc.h */ = {isa = PBXFileReference; fileEncoding = 4; lastKnownFileType = sourcecode.c.h; path = lfunc.h; sourceTree = "<group>"; };
		799C55291E8963D000E9D08E /* lgc.c */ = {isa = PBXFileReference; fileEncoding = 4; lastKnownFileType = sourcecode.c.c; path = lgc.c; sourceTree = "<group>"; };
		799C552A1E8963D000E9D08E /* lgc.h */ = {isa = PBXFileReference; fileEncoding = 4; lastKnownFileType = sourcecode.c.h; path = lgc.h; sourceTree = "<group>"; };
		799C552B1E8963D000E9D08E /* linit.c */ = {isa = PBXFileReference; fileEncoding = 4; lastKnownFileType = sourcecode.c.c; path = linit.c; sourceTree = "<group>"; };
		799C552C1E8963D000E9D08E /* liolib.c */ = {isa = PBXFileReference; fileEncoding = 4; lastKnownFileType = sourcecode.c.c; path = liolib.c; sourceTree = "<group>"; };
		799C552D1E8963D000E9D08E /* llex.c */ = {isa = PBXFileReference; fileEncoding = 4; lastKnownFileType = sourcecode.c.c; path = llex.c; sourceTree = "<group>"; };
		799C552E1E8963D000E9D08E /* llex.h */ = {isa = PBXFileReference; fileEncoding = 4; lastKnownFileType = sourcecode.c.h; path = llex.h; sourceTree = "<group>"; };
		799C552F1E8963D000E9D08E /* llimits.h */ = {isa = PBXFileReference; fileEncoding = 4; lastKnownFileType = sourcecode.c.h; path = llimits.h; sourceTree = "<group>"; };
		799C55301E8963D000E9D08E /* lmathlib.c */ = {isa = PBXFileReference; fileEncoding = 4; lastKnownFileType = sourcecode.c.c; path = lmathlib.c; sourceTree = "<group>"; };
		799C55311E8963D000E9D08E /* lmem.c */ = {isa = PBXFileReference; fileEncoding = 4; lastKnownFileType = sourcecode.c.c; path = lmem.c; sourceTree = "<group>"; };
		799C55321E8963D000E9D08E /* lmem.h */ = {isa = PBXFileReference; fileEncoding = 4; lastKnownFileType = sourcecode.c.h; path = lmem.h; sourceTree = "<group>"; };
		799C55331E8963D000E9D08E /* loadlib.c */ = {isa = PBXFileReference; fileEncoding = 4; lastKnownFileType = sourcecode.c.c; path = loadlib.c; sourceTree = "<group>"; };
		799C55341E8963D000E9D08E /* lobject.c */ = {isa = PBXFileReference; fileEncoding = 4; lastKnownFileType = sourcecode.c.c; path = lobject.c; sourceTree = "<group>"; };
		799C55351E8963D000E9D08E /* lobject.h */ = {isa = PBXFileReference; fileEncoding = 4; lastKnownFileType = sourcecode.c.h; path = lobject.h; sourceTree = "<group>"; };
		799C55361E8963D000E9D08E /* lopcodes.c */ = {isa = PBXFileReference; fileEncoding = 4; lastKnownFileType = sourcecode.c.c; path = lopcodes.c; sourceTree = "<group>"; };
		799C55371E8963D000E9D08E /* lopcodes.h */ = {isa = PBXFileReference; fileEncoding = 4; lastKnownFileType = sourcecode.c.h; path = lopcodes.h; sourceTree = "<group>"; };
		799C55381E8963D000E9D08E /* loslib.c */ = {isa = PBXFileReference; fileEncoding = 4; lastKnownFileType = sourcecode.c.c; path = loslib.c; sourceTree = "<group>"; };
		799C55391E8963D000E9D08E /* lparser.c */ = {isa = PBXFileReference; fileEncoding = 4; lastKnownFileType = sourcecode.c.c; path = lparser.c; sourceTree = "<group>"; };
		799C553A1E8963D000E9D08E /* lparser.h */ = {isa = PBXFileReference; fileEncoding = 4; lastKnownFileType = sourcecode.c.h; path = lparser.h; sourceTree = "<group>"; };
		799C553B1E8963D000E9D08E /* lprefix.h */ = {isa = PBXFileReference; fileEncoding = 4; lastKnownFileType = sourcecode.c.h; path = lprefix.h; sourceTree = "<group>"; };
		799C553C1E8963D000E9D08E /* lstate.c */ = {isa = PBXFileReference; fileEncoding = 4; lastKnownFileType = sourcecode.c.c; path = lstate.c; sourceTree = "<group>"; };
		799C553D1E8963D000E9D08E /* lstate.h */ = {isa = PBXFileReference; fileEncoding = 4; lastKnownFileType = sourcecode.c.h; path = lstate.h; sourceTree = "<group>"; };
		799C553E1E8963D000E9D08E /* lstring.c */ = {isa = PBXFileReference; fileEncoding = 4; lastKnownFileType = sourcecode.c.c; path = lstring.c; sourceTree = "<group>"; };
		799C553F1E8963D000E9D08E /* lstring.h */ = {isa = PBXFileReference; fileEncoding = 4; lastKnownFileType = sourcecode.c.h; path = lstring.h; sourceTree = "<group>"; };
		799C55401E8963D000E9D08E /* lstrlib.c */ = {isa = PBXFileReference; fileEncoding = 4; lastKnownFileType = sourcecode.c.c; path = lstrlib.c; sourceTree = "<group>"; };
		799C55411E8963D000E9D08E /* ltable.c */ = {isa = PBXFileReference; fileEncoding = 4; lastKnownFileType = sourcecode.c.c; path = ltable.c; sourceTree = "<group>"; };
		799C55421E8963D000E9D08E /* ltable.h */ = {isa = PBXFileReference; fileEncoding = 4; lastKnownFileType = sourcecode.c.h; path = ltable.h; sourceTree = "<group>"; };
		799C55431E8963D000E9D08E /* ltablib.c */ = {isa = PBXFileReference; fileEncoding = 4; lastKnownFileType = sourcecode.c.c; path = ltablib.c; sourceTree = "<group>"; };
		799C55441E8963D000E9D08E /* ltm.c */ = {isa = PBXFileReference; fileEncoding = 4; lastKnownFileType = sourcecode.c.c; path = ltm.c; sourceTree = "<group>"; };
		799C55451E8963D000E9D08E /* ltm.h */ = {isa = PBXFileReference; fileEncoding = 4; lastKnownFileType = sourcecode.c.h; path = ltm.h; sourceTree = "<group>"; };
		799C55461E8963D000E9D08E /* lua.c */ = {isa = PBXFileReference; fileEncoding = 4; lastKnownFileType = sourcecode.c.c; path = lua.c; sourceTree = "<group>"; };
		799C55471E8963D000E9D08E /* lua.h */ = {isa = PBXFileReference; fileEncoding = 4; lastKnownFileType = sourcecode.c.h; path = lua.h; sourceTree = "<group>"; };
		799C55481E8963D000E9D08E /* lua.hpp */ = {isa = PBXFileReference; fileEncoding = 4; lastKnownFileType = sourcecode.cpp.h; path = lua.hpp; sourceTree = "<group>"; };
		799C55491E8963D000E9D08E /* luac.c */ = {isa = PBXFileReference; fileEncoding = 4; lastKnownFileType = sourcecode.c.c; path = luac.c; sourceTree = "<group>"; };
		799C554A1E8963D000E9D08E /* luaconf.h */ = {isa = PBXFileReference; fileEncoding = 4; lastKnownFileType = sourcecode.c.h; path = luaconf.h; sourceTree = "<group>"; };
		799C554B1E8963D000E9D08E /* lualib.h */ = {isa = PBXFileReference; fileEncoding = 4; lastKnownFileType = sourcecode.c.h; path = lualib.h; sourceTree = "<group>"; };
		799C554C1E8963D000E9D08E /* lundump.c */ = {isa = PBXFileReference; fileEncoding = 4; lastKnownFileType = sourcecode.c.c; path = lundump.c; sourceTree = "<group>"; };
		799C554D1E8963D000E9D08E /* lundump.h */ = {isa = PBXFileReference; fileEncoding = 4; lastKnownFileType = sourcecode.c.h; path = lundump.h; sourceTree = "<group>"; };
		799C554E1E8963D000E9D08E /* lutf8lib.c */ = {isa = PBXFileReference; fileEncoding = 4; lastKnownFileType = sourcecode.c.c; path = lutf8lib.c; sourceTree = "<group>"; };
		799C554F1E8963D000E9D08E /* lvm.c */ = {isa = PBXFileReference; fileEncoding = 4; lastKnownFileType = sourcecode.c.c; path = lvm.c; sourceTree = "<group>"; };
		799C55501E8963D000E9D08E /* lvm.h */ = {isa = PBXFileReference; fileEncoding = 4; lastKnownFileType = sourcecode.c.h; path = lvm.h; sourceTree = "<group>"; };
		799C55511E8963D000E9D08E /* lzio.c */ = {isa = PBXFileReference; fileEncoding = 4; lastKnownFileType = sourcecode.c.c; path = lzio.c; sourceTree = "<group>"; };
		799C55521E8963D000E9D08E /* lzio.h */ = {isa = PBXFileReference; fileEncoding = 4; lastKnownFileType = sourcecode.c.h; path = lzio.h; sourceTree = "<group>"; };
		799C55531E8963D000E9D08E /* Makefile */ = {isa = PBXFileReference; fileEncoding = 4; lastKnownFileType = sourcecode.make; path = Makefile; sourceTree = "<group>"; };
		799C55551E8963D000E9D08E /* dec.lua */ = {isa = PBXFileReference; fileEncoding = 4; lastKnownFileType = text; path = dec.lua; sourceTree = "<group>"; };
		799C55561E8963D000E9D08E /* lua */ = {isa = PBXFileReference; lastKnownFileType = "compiled.mach-o.executable"; path = lua; sourceTree = "<group>"; };
		799C55571E8963D000E9D08E /* luac */ = {isa = PBXFileReference; lastKnownFileType = "compiled.mach-o.executable"; path = luac; sourceTree = "<group>"; };
		799C55581E8963D000E9D08E /* luac.out */ = {isa = PBXFileReference; lastKnownFileType = file; path = luac.out; sourceTree = "<group>"; };
		799C55591E8963D000E9D08E /* npm-debug.log */ = {isa = PBXFileReference; fileEncoding = 4; lastKnownFileType = text; path = "npm-debug.log"; sourceTree = "<group>"; };
		799C555A1E8963D000E9D08E /* test_coroutine.lua */ = {isa = PBXFileReference; fileEncoding = 4; lastKnownFileType = text; path = test_coroutine.lua; sourceTree = "<group>"; };
		799C555B1E8963D000E9D08E /* tOP_ADD.lua */ = {isa = PBXFileReference; fileEncoding = 4; lastKnownFileType = text; path = tOP_ADD.lua; sourceTree = "<group>"; };
		799C555C1E8963D000E9D08E /* tOP_Arith.lua */ = {isa = PBXFileReference; fileEncoding = 4; lastKnownFileType = text; path = tOP_Arith.lua; sourceTree = "<group>"; };
		799C555D1E8963D000E9D08E /* tOP_Arith_2.lua */ = {isa = PBXFileReference; fileEncoding = 4; lastKnownFileType = text; path = tOP_Arith_2.lua; sourceTree = "<group>"; };
		799C555E1E8963D000E9D08E /* tOP_BAND.lua */ = {isa = PBXFileReference; fileEncoding = 4; lastKnownFileType = text; path = tOP_BAND.lua; sourceTree = "<group>"; };
		799C555F1E8963D000E9D08E /* tOP_BNOT.lua */ = {isa = PBXFileReference; fileEncoding = 4; lastKnownFileType = text; path = tOP_BNOT.lua; sourceTree = "<group>"; };
		799C55601E8963D000E9D08E /* tOP_BOR.lua */ = {isa = PBXFileReference; fileEncoding = 4; lastKnownFileType = text; path = tOP_BOR.lua; sourceTree = "<group>"; };
		799C55611E8963D000E9D08E /* tOP_BXOR.lua */ = {isa = PBXFileReference; fileEncoding = 4; lastKnownFileType = text; path = tOP_BXOR.lua; sourceTree = "<group>"; };
		799C55621E8963D000E9D08E /* tOP_CLOSURE.lua */ = {isa = PBXFileReference; fileEncoding = 4; lastKnownFileType = text; path = tOP_CLOSURE.lua; sourceTree = "<group>"; };
		799C55631E8963D000E9D08E /* tOP_CONCAT.lua */ = {isa = PBXFileReference; fileEncoding = 4; lastKnownFileType = text; path = tOP_CONCAT.lua; sourceTree = "<group>"; };
		799C55641E8963D000E9D08E /* tOP_DIV.lua */ = {isa = PBXFileReference; fileEncoding = 4; lastKnownFileType = text; path = tOP_DIV.lua; sourceTree = "<group>"; };
		799C55651E8963D000E9D08E /* tOP_G-SETTABUP.lua */ = {isa = PBXFileReference; fileEncoding = 4; lastKnownFileType = text; path = "tOP_G-SETTABUP.lua"; sourceTree = "<group>"; };
		799C55661E8963D000E9D08E /* tOP_GETTABLE.lua */ = {isa = PBXFileReference; fileEncoding = 4; lastKnownFileType = text; path = tOP_GETTABLE.lua; sourceTree = "<group>"; };
		799C55671E8963D000E9D08E /* tOP_GETTABUP.lua */ = {isa = PBXFileReference; fileEncoding = 4; lastKnownFileType = text; path = tOP_GETTABUP.lua; sourceTree = "<group>"; };
		799C55681E8963D000E9D08E /* tOP_GETUPVAL.lua */ = {isa = PBXFileReference; fileEncoding = 4; lastKnownFileType = text; path = tOP_GETUPVAL.lua; sourceTree = "<group>"; };
		799C55691E8963D000E9D08E /* tOP_IDIV.lua */ = {isa = PBXFileReference; fileEncoding = 4; lastKnownFileType = text; path = tOP_IDIV.lua; sourceTree = "<group>"; };
		799C556A1E8963D000E9D08E /* tOP_LEN.lua */ = {isa = PBXFileReference; fileEncoding = 4; lastKnownFileType = text; path = tOP_LEN.lua; sourceTree = "<group>"; };
		799C556B1E8963D000E9D08E /* tOP_LOADBOOL.lua */ = {isa = PBXFileReference; fileEncoding = 4; lastKnownFileType = text; path = tOP_LOADBOOL.lua; sourceTree = "<group>"; };
		799C556C1E8963D000E9D08E /* tOP_LOADBOOL_2.lua */ = {isa = PBXFileReference; fileEncoding = 4; lastKnownFileType = text; path = tOP_LOADBOOL_2.lua; sourceTree = "<group>"; };
		799C556D1E8963D000E9D08E /* tOP_LOADBOOL_3.lua */ = {isa = PBXFileReference; fileEncoding = 4; lastKnownFileType = text; path = tOP_LOADBOOL_3.lua; sourceTree = "<group>"; };
		799C556E1E8963D000E9D08E /* tOP_LOADGETTABLE.lua */ = {isa = PBXFileReference; fileEncoding = 4; lastKnownFileType = text; path = tOP_LOADGETTABLE.lua; sourceTree = "<group>"; };
		799C556F1E8963D000E9D08E /* tOP_LOADK.lua */ = {isa = PBXFileReference; fileEncoding = 4; lastKnownFileType = text; path = tOP_LOADK.lua; sourceTree = "<group>"; };
		799C55701E8963D000E9D08E /* tOP_LOADNIL.lua */ = {isa = PBXFileReference; fileEncoding = 4; lastKnownFileType = text; path = tOP_LOADNIL.lua; sourceTree = "<group>"; };
		799C55711E8963D000E9D08E /* tOP_LOADNIL_2.lua */ = {isa = PBXFileReference; fileEncoding = 4; lastKnownFileType = text; path = tOP_LOADNIL_2.lua; sourceTree = "<group>"; };
		799C55721E8963D000E9D08E /* tOP_LOADNIL_3.lua */ = {isa = PBXFileReference; fileEncoding = 4; lastKnownFileType = text; path = tOP_LOADNIL_3.lua; sourceTree = "<group>"; };
		799C55731E8963D000E9D08E /* tOP_LOADNIL_4.lua */ = {isa = PBXFileReference; fileEncoding = 4; lastKnownFileType = text; path = tOP_LOADNIL_4.lua; sourceTree = "<group>"; };
		799C55741E8963D000E9D08E /* tOP_MOD.lua */ = {isa = PBXFileReference; fileEncoding = 4; lastKnownFileType = text; path = tOP_MOD.lua; sourceTree = "<group>"; };
		799C55751E8963D000E9D08E /* tOP_MOVE.lua */ = {isa = PBXFileReference; fileEncoding = 4; lastKnownFileType = text; path = tOP_MOVE.lua; sourceTree = "<group>"; };
		799C55761E8963D000E9D08E /* tOP_MUL.lua */ = {isa = PBXFileReference; fileEncoding = 4; lastKnownFileType = text; path = tOP_MUL.lua; sourceTree = "<group>"; };
		799C55771E8963D000E9D08E /* tOP_NEWTABLE.lua */ = {isa = PBXFileReference; fileEncoding = 4; lastKnownFileType = text; path = tOP_NEWTABLE.lua; sourceTree = "<group>"; };
		799C55781E8963D000E9D08E /* tOP_NEWTABLE_2.lua */ = {isa = PBXFileReference; fileEncoding = 4; lastKnownFileType = text; path = tOP_NEWTABLE_2.lua; sourceTree = "<group>"; };
		799C55791E8963D000E9D08E /* tOP_NEWTABLE_3.lua */ = {isa = PBXFileReference; fileEncoding = 4; lastKnownFileType = text; path = tOP_NEWTABLE_3.lua; sourceTree = "<group>"; };
		799C557A1E8963D000E9D08E /* tOP_NOT.lua */ = {isa = PBXFileReference; fileEncoding = 4; lastKnownFileType = text; path = tOP_NOT.lua; sourceTree = "<group>"; };
		799C557B1E8963D000E9D08E /* tOP_POW.lua */ = {isa = PBXFileReference; fileEncoding = 4; lastKnownFileType = text; path = tOP_POW.lua; sourceTree = "<group>"; };
		799C557C1E8963D000E9D08E /* tOP_SELF.lua */ = {isa = PBXFileReference; fileEncoding = 4; lastKnownFileType = text; path = tOP_SELF.lua; sourceTree = "<group>"; };
		799C557D1E8963D000E9D08E /* tOP_SELF_2.lua */ = {isa = PBXFileReference; fileEncoding = 4; lastKnownFileType = text; path = tOP_SELF_2.lua; sourceTree = "<group>"; };
		799C557E1E8963D000E9D08E /* tOP_SETLIST.lua */ = {isa = PBXFileReference; fileEncoding = 4; lastKnownFileType = text; path = tOP_SETLIST.lua; sourceTree = "<group>"; };
		799C557F1E8963D000E9D08E /* tOP_SETTABUP.lua */ = {isa = PBXFileReference; fileEncoding = 4; lastKnownFileType = text; path = tOP_SETTABUP.lua; sourceTree = "<group>"; };
		799C55801E8963D000E9D08E /* tOP_SETUPVal.lua */ = {isa = PBXFileReference; fileEncoding = 4; lastKnownFileType = text; path = tOP_SETUPVal.lua; sourceTree = "<group>"; };
		799C55811E8963D000E9D08E /* tOP_SHL.lua */ = {isa = PBXFileReference; fileEncoding = 4; lastKnownFileType = text; path = tOP_SHL.lua; sourceTree = "<group>"; };
		799C55821E8963D000E9D08E /* tOP_SHR.lua */ = {isa = PBXFileReference; fileEncoding = 4; lastKnownFileType = text; path = tOP_SHR.lua; sourceTree = "<group>"; };
		799C55831E8963D000E9D08E /* tOP_SUB.lua */ = {isa = PBXFileReference; fileEncoding = 4; lastKnownFileType = text; path = tOP_SUB.lua; sourceTree = "<group>"; };
		799C55841E8963D000E9D08E /* tOP_UNM.lua */ = {isa = PBXFileReference; fileEncoding = 4; lastKnownFileType = text; path = tOP_UNM.lua; sourceTree = "<group>"; };
		799C55851E8963D000E9D08E /* tOP_VALUE.lua */ = {isa = PBXFileReference; fileEncoding = 4; lastKnownFileType = text; path = tOP_VALUE.lua; sourceTree = "<group>"; };
		79C19F151EC174FE00250255 /* l_socket.c */ = {isa = PBXFileReference; fileEncoding = 4; lastKnownFileType = sourcecode.c.c; path = l_socket.c; sourceTree = "<group>"; };
		79C89D3E1E5C00A900C98513 /* l_util.c */ = {isa = PBXFileReference; fileEncoding = 4; lastKnownFileType = sourcecode.c.c; path = l_util.c; sourceTree = "<group>"; };
		79C89D3F1E5C00A900C98513 /* l_util.h */ = {isa = PBXFileReference; fileEncoding = 4; lastKnownFileType = sourcecode.c.h; path = l_util.h; sourceTree = "<group>"; };
/* End PBXFileReference section */

/* Begin PBXFrameworksBuildPhase section */
		798046901A4C075D007DD361 /* Frameworks */ = {
			isa = PBXFrameworksBuildPhase;
			buildActionMask = 2147483647;
			files = (
			);
			runOnlyForDeploymentPostprocessing = 0;
		};
/* End PBXFrameworksBuildPhase section */

/* Begin PBXGroup section */
		7980468A1A4C075D007DD361 = {
			isa = PBXGroup;
			children = (
				79610C8E1EA5B6610031857C /* script */,
				799833FF1E9CB01400BAE271 /* OpCode */,
				799C55151E8963D000E9D08E /* Lua5.3.0 */,
				79C89D241E5C00A900C98513 /* C */,
				793A70EC1E0A1A2500AF6CF2 /* main.c */,
				798046941A4C075D007DD361 /* Products */,
			);
			sourceTree = "<group>";
		};
		798046941A4C075D007DD361 /* Products */ = {
			isa = PBXGroup;
			children = (
				798046931A4C075D007DD361 /* LuaSrc */,
			);
			name = Products;
			sourceTree = "<group>";
		};
		799833FF1E9CB01400BAE271 /* OpCode */ = {
			isa = PBXGroup;
			children = (
				799834001E9CB01400BAE271 /* dec.lua */,
				799834011E9CB01400BAE271 /* helloworld.lua */,
				799834021E9CB01400BAE271 /* lua */,
				799834031E9CB01400BAE271 /* luac */,
				799834041E9CB01400BAE271 /* luac.out */,
				799834051E9CB01400BAE271 /* npm-debug.log */,
				799834061E9CB01400BAE271 /* t_codek.lua */,
				799834071E9CB01400BAE271 /* test_coroutine.lua */,
				799834081E9CB01400BAE271 /* tOP_ADD.lua */,
				799834091E9CB01400BAE271 /* tOP_Arith.lua */,
				7998340A1E9CB01400BAE271 /* tOP_Arith_2.lua */,
				7998340B1E9CB01400BAE271 /* tOP_BAND.lua */,
				7998340C1E9CB01400BAE271 /* tOP_BNOT.lua */,
				7998340D1E9CB01400BAE271 /* tOP_BOR.lua */,
				7998340E1E9CB01400BAE271 /* tOP_BXOR.lua */,
				7998340F1E9CB01400BAE271 /* tOP_CLOSURE.lua */,
				799834101E9CB01400BAE271 /* tOP_CONCAT.lua */,
				799834111E9CB01400BAE271 /* tOP_DIV.lua */,
				799834121E9CB01400BAE271 /* tOP_G-SETTABUP.lua */,
				799834131E9CB01400BAE271 /* tOP_GETTABLE.lua */,
				799834141E9CB01400BAE271 /* tOP_GETTABUP.lua */,
				799834151E9CB01400BAE271 /* tOP_GETUPVAL.lua */,
				799834161E9CB01400BAE271 /* tOP_IDIV.lua */,
				799834171E9CB01400BAE271 /* tOP_LEN.lua */,
				799834181E9CB01400BAE271 /* tOP_LOADBOOL.lua */,
				799834191E9CB01400BAE271 /* tOP_LOADBOOL_2.lua */,
				7998341A1E9CB01400BAE271 /* tOP_LOADBOOL_3.lua */,
				7998341B1E9CB01400BAE271 /* tOP_LOADGETTABLE.lua */,
				7998341C1E9CB01400BAE271 /* tOP_LOADK.lua */,
				7998341D1E9CB01400BAE271 /* tOP_LOADNIL.lua */,
				7998341E1E9CB01400BAE271 /* tOP_LOADNIL_2.lua */,
				7998341F1E9CB01400BAE271 /* tOP_LOADNIL_3.lua */,
				799834201E9CB01400BAE271 /* tOP_LOADNIL_4.lua */,
				799834211E9CB01400BAE271 /* tOP_MOD.lua */,
				799834221E9CB01400BAE271 /* tOP_MOVE.lua */,
				799834231E9CB01400BAE271 /* tOP_MUL.lua */,
				799834241E9CB01400BAE271 /* tOP_NEWTABLE.lua */,
				799834251E9CB01400BAE271 /* tOP_NEWTABLE_2.lua */,
				799834261E9CB01400BAE271 /* tOP_NEWTABLE_3.lua */,
				799834271E9CB01400BAE271 /* tOP_NOT.lua */,
				799834281E9CB01400BAE271 /* tOP_POW.lua */,
				799834291E9CB01400BAE271 /* tOP_SELF.lua */,
				7998342A1E9CB01400BAE271 /* tOP_SELF_2.lua */,
				7998342B1E9CB01400BAE271 /* tOP_SETLIST.lua */,
				7998342C1E9CB01400BAE271 /* tOP_SETTABUP.lua */,
				7998342D1E9CB01400BAE271 /* tOP_SETUPVal.lua */,
				7998342E1E9CB01400BAE271 /* tOP_SHL.lua */,
				7998342F1E9CB01400BAE271 /* tOP_SHR.lua */,
				799834301E9CB01400BAE271 /* tOP_SUB.lua */,
				799834311E9CB01400BAE271 /* tOP_UNM.lua */,
				799834321E9CB01400BAE271 /* tOP_VALUE.lua */,
			);
			path = OpCode;
			sourceTree = "<group>";
		};
		799C55151E8963D000E9D08E /* Lua5.3.0 */ = {
			isa = PBXGroup;
			children = (
				799C55161E8963D000E9D08E /* lapi.c */,
				799C55171E8963D000E9D08E /* lapi.h */,
				799C55181E8963D000E9D08E /* lauxlib.c */,
				799C55191E8963D000E9D08E /* lauxlib.h */,
				799C551A1E8963D000E9D08E /* lbaselib.c */,
				799C551B1E8963D000E9D08E /* lbitlib.c */,
				799C551C1E8963D000E9D08E /* lcode.c */,
				799C551D1E8963D000E9D08E /* lcode.h */,
				799C551E1E8963D000E9D08E /* lcorolib.c */,
				799C551F1E8963D000E9D08E /* lctype.c */,
				799C55201E8963D000E9D08E /* lctype.h */,
				799C55211E8963D000E9D08E /* ldblib.c */,
				799C55221E8963D000E9D08E /* ldebug.c */,
				799C55231E8963D000E9D08E /* ldebug.h */,
				799C55241E8963D000E9D08E /* ldo.c */,
				799C55251E8963D000E9D08E /* ldo.h */,
				799C55261E8963D000E9D08E /* ldump.c */,
				799C55271E8963D000E9D08E /* lfunc.c */,
				799C55281E8963D000E9D08E /* lfunc.h */,
				799C55291E8963D000E9D08E /* lgc.c */,
				799C552A1E8963D000E9D08E /* lgc.h */,
				799C552B1E8963D000E9D08E /* linit.c */,
				799C552C1E8963D000E9D08E /* liolib.c */,
				799C552D1E8963D000E9D08E /* llex.c */,
				799C552E1E8963D000E9D08E /* llex.h */,
				799C552F1E8963D000E9D08E /* llimits.h */,
				799C55301E8963D000E9D08E /* lmathlib.c */,
				799C55311E8963D000E9D08E /* lmem.c */,
				799C55321E8963D000E9D08E /* lmem.h */,
				799C55331E8963D000E9D08E /* loadlib.c */,
				799C55341E8963D000E9D08E /* lobject.c */,
				799C55351E8963D000E9D08E /* lobject.h */,
				799C55361E8963D000E9D08E /* lopcodes.c */,
				799C55371E8963D000E9D08E /* lopcodes.h */,
				799C55381E8963D000E9D08E /* loslib.c */,
				799C55391E8963D000E9D08E /* lparser.c */,
				799C553A1E8963D000E9D08E /* lparser.h */,
				799C553B1E8963D000E9D08E /* lprefix.h */,
				799C553C1E8963D000E9D08E /* lstate.c */,
				799C553D1E8963D000E9D08E /* lstate.h */,
				799C553E1E8963D000E9D08E /* lstring.c */,
				799C553F1E8963D000E9D08E /* lstring.h */,
				799C55401E8963D000E9D08E /* lstrlib.c */,
				799C55411E8963D000E9D08E /* ltable.c */,
				799C55421E8963D000E9D08E /* ltable.h */,
				799C55431E8963D000E9D08E /* ltablib.c */,
				799C55441E8963D000E9D08E /* ltm.c */,
				799C55451E8963D000E9D08E /* ltm.h */,
				799C55461E8963D000E9D08E /* lua.c */,
				799C55471E8963D000E9D08E /* lua.h */,
				799C55481E8963D000E9D08E /* lua.hpp */,
				799C55491E8963D000E9D08E /* luac.c */,
				799C554A1E8963D000E9D08E /* luaconf.h */,
				799C554B1E8963D000E9D08E /* lualib.h */,
				799C554C1E8963D000E9D08E /* lundump.c */,
				799C554D1E8963D000E9D08E /* lundump.h */,
				799C554E1E8963D000E9D08E /* lutf8lib.c */,
				799C554F1E8963D000E9D08E /* lvm.c */,
				799C55501E8963D000E9D08E /* lvm.h */,
				799C55511E8963D000E9D08E /* lzio.c */,
				799C55521E8963D000E9D08E /* lzio.h */,
				799C55531E8963D000E9D08E /* Makefile */,
				799C55541E8963D000E9D08E /* OpCode */,
			);
			path = Lua5.3.0;
			sourceTree = "<group>";
		};
		799C55541E8963D000E9D08E /* OpCode */ = {
			isa = PBXGroup;
			children = (
				799C55551E8963D000E9D08E /* dec.lua */,
				799C55561E8963D000E9D08E /* lua */,
				799C55571E8963D000E9D08E /* luac */,
				799C55581E8963D000E9D08E /* luac.out */,
				799C55591E8963D000E9D08E /* npm-debug.log */,
				799C555A1E8963D000E9D08E /* test_coroutine.lua */,
				799C555B1E8963D000E9D08E /* tOP_ADD.lua */,
				799C555C1E8963D000E9D08E /* tOP_Arith.lua */,
				799C555D1E8963D000E9D08E /* tOP_Arith_2.lua */,
				799C555E1E8963D000E9D08E /* tOP_BAND.lua */,
				799C555F1E8963D000E9D08E /* tOP_BNOT.lua */,
				799C55601E8963D000E9D08E /* tOP_BOR.lua */,
				799C55611E8963D000E9D08E /* tOP_BXOR.lua */,
				799C55621E8963D000E9D08E /* tOP_CLOSURE.lua */,
				799C55631E8963D000E9D08E /* tOP_CONCAT.lua */,
				799C55641E8963D000E9D08E /* tOP_DIV.lua */,
				799C55651E8963D000E9D08E /* tOP_G-SETTABUP.lua */,
				799C55661E8963D000E9D08E /* tOP_GETTABLE.lua */,
				799C55671E8963D000E9D08E /* tOP_GETTABUP.lua */,
				799C55681E8963D000E9D08E /* tOP_GETUPVAL.lua */,
				799C55691E8963D000E9D08E /* tOP_IDIV.lua */,
				799C556A1E8963D000E9D08E /* tOP_LEN.lua */,
				799C556B1E8963D000E9D08E /* tOP_LOADBOOL.lua */,
				799C556C1E8963D000E9D08E /* tOP_LOADBOOL_2.lua */,
				799C556D1E8963D000E9D08E /* tOP_LOADBOOL_3.lua */,
				799C556E1E8963D000E9D08E /* tOP_LOADGETTABLE.lua */,
				799C556F1E8963D000E9D08E /* tOP_LOADK.lua */,
				799C55701E8963D000E9D08E /* tOP_LOADNIL.lua */,
				799C55711E8963D000E9D08E /* tOP_LOADNIL_2.lua */,
				799C55721E8963D000E9D08E /* tOP_LOADNIL_3.lua */,
				799C55731E8963D000E9D08E /* tOP_LOADNIL_4.lua */,
				799C55741E8963D000E9D08E /* tOP_MOD.lua */,
				799C55751E8963D000E9D08E /* tOP_MOVE.lua */,
				799C55761E8963D000E9D08E /* tOP_MUL.lua */,
				799C55771E8963D000E9D08E /* tOP_NEWTABLE.lua */,
				799C55781E8963D000E9D08E /* tOP_NEWTABLE_2.lua */,
				799C55791E8963D000E9D08E /* tOP_NEWTABLE_3.lua */,
				799C557A1E8963D000E9D08E /* tOP_NOT.lua */,
				799C557B1E8963D000E9D08E /* tOP_POW.lua */,
				799C557C1E8963D000E9D08E /* tOP_SELF.lua */,
				799C557D1E8963D000E9D08E /* tOP_SELF_2.lua */,
				799C557E1E8963D000E9D08E /* tOP_SETLIST.lua */,
				799C557F1E8963D000E9D08E /* tOP_SETTABUP.lua */,
				799C55801E8963D000E9D08E /* tOP_SETUPVal.lua */,
				799C55811E8963D000E9D08E /* tOP_SHL.lua */,
				799C55821E8963D000E9D08E /* tOP_SHR.lua */,
				799C55831E8963D000E9D08E /* tOP_SUB.lua */,
				799C55841E8963D000E9D08E /* tOP_UNM.lua */,
				799C55851E8963D000E9D08E /* tOP_VALUE.lua */,
			);
			path = OpCode;
			sourceTree = "<group>";
		};
		79C89D241E5C00A900C98513 /* C */ = {
			isa = PBXGroup;
			children = (
				79C19F151EC174FE00250255 /* l_socket.c */,
				7928C0F21E690FE60058F1DE /* c_userdate_lua.h */,
				7928C0F31E690FE60058F1DE /* c_userdate_lua.c */,
				7928C0EF1E690F540058F1DE /* c_write_table_lua.h */,
				7928C0F01E690F540058F1DE /* c_write_table_lua.c */,
				7928C0EC1E690EBC0058F1DE /* c_read_table_lua.h */,
				7928C0ED1E690EBC0058F1DE /* c_read_table_lua.c */,
				7928C0E31E6905FE0058F1DE /* lua_Call_c.h */,
				7928C0E41E6905FE0058F1DE /* lua_Call_c.c */,
				7928C0E01E6904350058F1DE /* c_Call_lua.h */,
				7928C0E11E6904350058F1DE /* c_Call_lua.c */,
				7913B1F81E67F5860031123B /* c_global_Var_lua.h */,
				7913B1F91E67F5860031123B /* c_global_Var_lua.c */,
				79C89D3E1E5C00A900C98513 /* l_util.c */,
				79C89D3F1E5C00A900C98513 /* l_util.h */,
				7928C0E91E69090F0058F1DE /* hello.c */,
				7928C0EA1E69090F0058F1DE /* hello.h */,
			);
			path = C;
			sourceTree = "<group>";
		};
/* End PBXGroup section */

/* Begin PBXNativeTarget section */
		798046921A4C075D007DD361 /* LuaSrc */ = {
			isa = PBXNativeTarget;
			buildConfigurationList = 7980469A1A4C075D007DD361 /* Build configuration list for PBXNativeTarget "LuaSrc" */;
			buildPhases = (
				7980468F1A4C075D007DD361 /* Sources */,
				798046901A4C075D007DD361 /* Frameworks */,
				798046911A4C075D007DD361 /* CopyFiles */,
			);
			buildRules = (
			);
			dependencies = (
			);
			name = LuaSrc;
			productName = LuaSrc;
			productReference = 798046931A4C075D007DD361 /* LuaSrc */;
			productType = "com.apple.product-type.tool";
		};
/* End PBXNativeTarget section */

/* Begin PBXProject section */
		7980468B1A4C075D007DD361 /* Project object */ = {
			isa = PBXProject;
			attributes = {
				LastUpgradeCheck = 0820;
				ORGANIZATIONNAME = LuaSrc;
				TargetAttributes = {
					798046921A4C075D007DD361 = {
						CreatedOnToolsVersion = 6.1;
					};
				};
			};
			buildConfigurationList = 7980468E1A4C075D007DD361 /* Build configuration list for PBXProject "LuaSrc" */;
			compatibilityVersion = "Xcode 3.2";
			developmentRegion = English;
			hasScannedForEncodings = 0;
			knownRegions = (
				en,
			);
			mainGroup = 7980468A1A4C075D007DD361;
			productRefGroup = 798046941A4C075D007DD361 /* Products */;
			projectDirPath = "";
			projectRoot = "";
			targets = (
				798046921A4C075D007DD361 /* LuaSrc */,
			);
		};
/* End PBXProject section */

/* Begin PBXSourcesBuildPhase section */
		7980468F1A4C075D007DD361 /* Sources */ = {
			isa = PBXSourcesBuildPhase;
			buildActionMask = 2147483647;
			files = (
				799C55A91E8963D000E9D08E /* Makefile in Sources */,
				799C55A31E8963D000E9D08E /* lua.c in Sources */,
				799C55921E8963D000E9D08E /* lgc.c in Sources */,
				799C55991E8963D000E9D08E /* lobject.c in Sources */,
				799C55971E8963D000E9D08E /* lmem.c in Sources */,
				7928C0EB1E69090F0058F1DE /* hello.c in Sources */,
				7913B1FA1E67F5860031123B /* c_global_Var_lua.c in Sources */,
				799C558D1E8963D000E9D08E /* ldblib.c in Sources */,
				799C55891E8963D000E9D08E /* lbitlib.c in Sources */,
				799C558B1E8963D000E9D08E /* lcorolib.c in Sources */,
				799C55A71E8963D000E9D08E /* lvm.c in Sources */,
				7928C0F11E690F540058F1DE /* c_write_table_lua.c in Sources */,
				799C55A01E8963D000E9D08E /* ltable.c in Sources */,
				7928C0E21E6904350058F1DE /* c_Call_lua.c in Sources */,
				799C55981E8963D000E9D08E /* loadlib.c in Sources */,
				7928C0EE1E690EBC0058F1DE /* c_read_table_lua.c in Sources */,
				799C55881E8963D000E9D08E /* lbaselib.c in Sources */,
				799C55911E8963D000E9D08E /* lfunc.c in Sources */,
				799C55A81E8963D000E9D08E /* lzio.c in Sources */,
				799C55931E8963D000E9D08E /* linit.c in Sources */,
				799C55941E8963D000E9D08E /* liolib.c in Sources */,
				799C558A1E8963D000E9D08E /* lcode.c in Sources */,
				799C55961E8963D000E9D08E /* lmathlib.c in Sources */,
				799C55A41E8963D000E9D08E /* luac.c in Sources */,
				799C55901E8963D000E9D08E /* ldump.c in Sources */,
				799C559C1E8963D000E9D08E /* lparser.c in Sources */,
				799C558F1E8963D000E9D08E /* ldo.c in Sources */,
				799C55A11E8963D000E9D08E /* ltablib.c in Sources */,
				799C55A61E8963D000E9D08E /* lutf8lib.c in Sources */,
				799C55861E8963D000E9D08E /* lapi.c in Sources */,
				799C559F1E8963D000E9D08E /* lstrlib.c in Sources */,
				799C558C1E8963D000E9D08E /* lctype.c in Sources */,
				799C559B1E8963D000E9D08E /* loslib.c in Sources */,
				799C559A1E8963D000E9D08E /* lopcodes.c in Sources */,
				799C55871E8963D000E9D08E /* lauxlib.c in Sources */,
				7928C0F41E690FE60058F1DE /* c_userdate_lua.c in Sources */,
				799C559E1E8963D000E9D08E /* lstring.c in Sources */,
				799C55A21E8963D000E9D08E /* ltm.c in Sources */,
				799C55951E8963D000E9D08E /* llex.c in Sources */,
				793A70F01E0A1A2500AF6CF2 /* main.c in Sources */,
				799C55A51E8963D000E9D08E /* lundump.c in Sources */,
				799C559D1E8963D000E9D08E /* lstate.c in Sources */,
				7928C0E51E6905FE0058F1DE /* lua_Call_c.c in Sources */,
				799C558E1E8963D000E9D08E /* ldebug.c in Sources */,
				79C89D4E1E5C00A900C98513 /* l_util.c in Sources */,
				79C19F161EC174FE00250255 /* l_socket.c in Sources */,
			);
			runOnlyForDeploymentPostprocessing = 0;
		};
/* End PBXSourcesBuildPhase section */

/* Begin XCBuildConfiguration section */
		798046981A4C075D007DD361 /* Debug */ = {
			isa = XCBuildConfiguration;
			buildSettings = {
				ALWAYS_SEARCH_USER_PATHS = NO;
				CLANG_CXX_LANGUAGE_STANDARD = "gnu++0x";
				CLANG_CXX_LIBRARY = "libc++";
				CLANG_ENABLE_MODULES = YES;
				CLANG_ENABLE_OBJC_ARC = YES;
				CLANG_WARN_BOOL_CONVERSION = YES;
				CLANG_WARN_CONSTANT_CONVERSION = YES;
				CLANG_WARN_DIRECT_OBJC_ISA_USAGE = YES_ERROR;
				CLANG_WARN_EMPTY_BODY = YES;
				CLANG_WARN_ENUM_CONVERSION = YES;
				CLANG_WARN_INFINITE_RECURSION = YES;
				CLANG_WARN_INT_CONVERSION = YES;
				CLANG_WARN_OBJC_ROOT_CLASS = YES_ERROR;
				CLANG_WARN_SUSPICIOUS_MOVE = YES;
				CLANG_WARN_UNREACHABLE_CODE = YES;
				CLANG_WARN__DUPLICATE_METHOD_MATCH = YES;
				COPY_PHASE_STRIP = NO;
				ENABLE_STRICT_OBJC_MSGSEND = YES;
				ENABLE_TESTABILITY = YES;
				GCC_C_LANGUAGE_STANDARD = gnu99;
				GCC_DYNAMIC_NO_PIC = NO;
				GCC_NO_COMMON_BLOCKS = YES;
				GCC_OPTIMIZATION_LEVEL = 0;
				GCC_PREPROCESSOR_DEFINITIONS = (
					"DEBUG=1",
					"$(inherited)",
				);
				GCC_SYMBOLS_PRIVATE_EXTERN = NO;
				GCC_WARN_64_TO_32_BIT_CONVERSION = YES;
				GCC_WARN_ABOUT_RETURN_TYPE = YES_ERROR;
				GCC_WARN_UNDECLARED_SELECTOR = YES;
				GCC_WARN_UNINITIALIZED_AUTOS = YES_AGGRESSIVE;
				GCC_WARN_UNUSED_FUNCTION = YES;
				GCC_WARN_UNUSED_VARIABLE = YES;
				MACOSX_DEPLOYMENT_TARGET = 10.9;
				MTL_ENABLE_DEBUG_INFO = YES;
				ONLY_ACTIVE_ARCH = YES;
				SDKROOT = macosx;
			};
			name = Debug;
		};
		798046991A4C075D007DD361 /* Release */ = {
			isa = XCBuildConfiguration;
			buildSettings = {
				ALWAYS_SEARCH_USER_PATHS = NO;
				CLANG_CXX_LANGUAGE_STANDARD = "gnu++0x";
				CLANG_CXX_LIBRARY = "libc++";
				CLANG_ENABLE_MODULES = YES;
				CLANG_ENABLE_OBJC_ARC = YES;
				CLANG_WARN_BOOL_CONVERSION = YES;
				CLANG_WARN_CONSTANT_CONVERSION = YES;
				CLANG_WARN_DIRECT_OBJC_ISA_USAGE = YES_ERROR;
				CLANG_WARN_EMPTY_BODY = YES;
				CLANG_WARN_ENUM_CONVERSION = YES;
				CLANG_WARN_INFINITE_RECURSION = YES;
				CLANG_WARN_INT_CONVERSION = YES;
				CLANG_WARN_OBJC_ROOT_CLASS = YES_ERROR;
				CLANG_WARN_SUSPICIOUS_MOVE = YES;
				CLANG_WARN_UNREACHABLE_CODE = YES;
				CLANG_WARN__DUPLICATE_METHOD_MATCH = YES;
				COPY_PHASE_STRIP = YES;
				DEBUG_INFORMATION_FORMAT = "dwarf-with-dsym";
				ENABLE_NS_ASSERTIONS = NO;
				ENABLE_STRICT_OBJC_MSGSEND = YES;
				GCC_C_LANGUAGE_STANDARD = gnu99;
				GCC_NO_COMMON_BLOCKS = YES;
				GCC_WARN_64_TO_32_BIT_CONVERSION = YES;
				GCC_WARN_ABOUT_RETURN_TYPE = YES_ERROR;
				GCC_WARN_UNDECLARED_SELECTOR = YES;
				GCC_WARN_UNINITIALIZED_AUTOS = YES_AGGRESSIVE;
				GCC_WARN_UNUSED_FUNCTION = YES;
				GCC_WARN_UNUSED_VARIABLE = YES;
				MACOSX_DEPLOYMENT_TARGET = 10.9;
				MTL_ENABLE_DEBUG_INFO = NO;
				SDKROOT = macosx;
			};
			name = Release;
		};
		7980469B1A4C075D007DD361 /* Debug */ = {
			isa = XCBuildConfiguration;
			buildSettings = {
				GCC_PREPROCESSOR_DEFINITIONS = "";
				PRODUCT_NAME = "$(TARGET_NAME)";
			};
			name = Debug;
		};
		7980469C1A4C075D007DD361 /* Release */ = {
			isa = XCBuildConfiguration;
			buildSettings = {
				PRODUCT_NAME = "$(TARGET_NAME)";
			};
			name = Release;
		};
/* End XCBuildConfiguration section */

/* Begin XCConfigurationList section */
		7980468E1A4C075D007DD361 /* Build configuration list for PBXProject "LuaSrc" */ = {
			isa = XCConfigurationList;
			buildConfigurations = (
				798046981A4C075D007DD361 /* Debug */,
				798046991A4C075D007DD361 /* Release */,
			);
			defaultConfigurationIsVisible = 0;
			defaultConfigurationName = Release;
		};
		7980469A1A4C075D007DD361 /* Build configuration list for PBXNativeTarget "LuaSrc" */ = {
			isa = XCConfigurationList;
			buildConfigurations = (
				7980469B1A4C075D007DD361 /* Debug */,
				7980469C1A4C075D007DD361 /* Release */,
			);
			defaultConfigurationIsVisible = 0;
			defaultConfigurationName = Release;
		};
/* End XCConfigurationList section */
	};
	rootObject = 7980468B1A4C075D007DD361 /* Project object */;
}
